
Microsoft Visual Studio Solution File, Format Version 12.00
# Visual Studio Version 17
VisualStudioVersion = 17.9.34728.123
MinimumVisualStudioVersion = 10.0.40219.1
Project("{FAE04EC0-301F-11D3-BF4B-00C04F79EFBC}") = "NameSorter", "NamSorter\NameSorter.csproj", "{9B9D96B6-327F-4FED-9351-5741CF2A8265}"
EndProject
Project("{FAE04EC0-301F-11D3-BF4B-00C04F79EFBC}") = "NameSortingTestCases", "NameSortingTestCases\NameSortingTestCases.csproj", "{E0976AD2-B7F2-4142-8CAB-D51FB03D018B}"
	ProjectSection(ProjectDependencies) = postProject
		{9B9D96B6-327F-4FED-9351-5741CF2A8265} = {9B9D96B6-327F-4FED-9351-5741CF2A8265}
	EndProjectSection
EndProject
Global
	GlobalSection(SolutionConfigurationPlatforms) = preSolution
		Debug|Any CPU = Debug|Any CPU
		Release|Any CPU = Release|Any CPU
	EndGlobalSection
	GlobalSection(ProjectConfigurationPlatforms) = postSolution
		{9B9D96B6-327F-4FED-9351-5741CF2A8265}.Debug|Any CPU.ActiveCfg = Debug|Any CPU
		{9B9D96B6-327F-4FED-9351-5741CF2A8265}.Debug|Any CPU.Build.0 = Debug|Any CPU
		{9B9D96B6-327F-4FED-9351-5741CF2A8265}.Release|Any CPU.ActiveCfg = Release|Any CPU
		{9B9D96B6-327F-4FED-9351-5741CF2A8265}.Release|Any CPU.Build.0 = Release|Any CPU
		{E0976AD2-B7F2-4142-8CAB-D51FB03D018B}.Debug|Any CPU.ActiveCfg = Debug|Any CPU
		{E0976AD2-B7F2-4142-8CAB-D51FB03D018B}.Debug|Any CPU.Build.0 = Debug|Any CPU
		{E0976AD2-B7F2-4142-8CAB-D51FB03D018B}.Release|Any CPU.ActiveCfg = Release|Any CPU
		{E0976AD2-B7F2-4142-8CAB-D51FB03D018B}.Release|Any CPU.Build.0 = Release|Any CPU
	EndGlobalSection
	GlobalSection(SolutionProperties) = preSolution
		HideSolutionNode = FALSE
	EndGlobalSection
	GlobalSection(ExtensibilityGlobals) = postSolution
		SolutionGuid = {157487BB-3276-42A0-9ABF-82F6F905BEB7}
	EndGlobalSection
EndGlobal
